{
  "version": 4,
  "terraform_version": "1.5.6",
  "serial": 11,
  "lineage": "f4756f04-1e40-35ad-2e3c-a3f02c8c3708",
  "outputs": {},
  "resources": [
    {
      "mode": "managed",
      "type": "aws_s3_object",
      "name": "object",
      "provider": "provider[\"registry.terraform.io/hashicorp/aws\"]",
      "instances": [
        {
          "schema_version": 0,
          "attributes": {
            "acl": null,
            "bucket": "elasticbeanstalk-ap-northeast-2-039174979026",
            "bucket_key_enabled": false,
            "cache_control": "",
            "checksum_algorithm": null,
            "checksum_crc32": "",
            "checksum_crc32c": "",
            "checksum_sha1": "",
            "checksum_sha256": "",
            "content": null,
            "content_base64": null,
            "content_disposition": "",
            "content_encoding": "",
            "content_language": "",
            "content_type": "application/octet-stream",
            "etag": "64d078459ff5d94840b651902b06496c",
            "force_destroy": false,
            "id": "487e0dd089693966-docker-compose.yaml",
            "key": "487e0dd089693966-docker-compose.yaml",
            "kms_key_id": null,
            "metadata": {},
            "object_lock_legal_hold_status": "",
            "object_lock_mode": "",
            "object_lock_retain_until_date": "",
            "override_provider": [],
            "server_side_encryption": "AES256",
            "source": "docker-compose.yaml",
            "source_hash": null,
            "storage_class": "STANDARD",
            "tags": {},
            "tags_all": {},
            "version_id": "",
            "website_redirect": ""
          },
          "sensitive_attributes": [],
          "private": "bnVsbA==",
          "dependencies": [
            "random_id.s3_object_key_identifier"
          ]
        }
      ]
    },
    {
      "mode": "managed",
      "type": "random_id",
      "name": "s3_object_key_identifier",
      "provider": "provider[\"registry.terraform.io/hashicorp/random\"]",
      "instances": [
        {
          "schema_version": 0,
          "attributes": {
            "b64_std": "SH4N0IlpOWY=",
            "b64_url": "SH4N0IlpOWY",
            "byte_length": 8,
            "dec": "5223627807106087270",
            "hex": "487e0dd089693966",
            "id": "SH4N0IlpOWY",
            "keepers": null,
            "prefix": null
          },
          "sensitive_attributes": []
        }
      ]
    }
  ],
  "check_results": null
}
